
Microsoft Visual Studio Solution File, Format Version 12.00
# Visual Studio 15
VisualStudioVersion = 15.0.26430.16
MinimumVisualStudioVersion = 10.0.40219.1
Project("{FAE04EC0-301F-11D3-BF4B-00C04F79EFBC}") = "FirstApp", "FirstApp\FirstApp.csproj", "{43BBCE6A-2375-407D-A33C-64D7357B829F}"
EndProject
Project("{FAE04EC0-301F-11D3-BF4B-00C04F79EFBC}") = "FirstAppTests", "FirstAppTests\FirstAppTests.csproj", "{FA604132-4325-417A-B4B9-B6EBE832CEA6}"
EndProject
Project("{FAE04EC0-301F-11D3-BF4B-00C04F79EFBC}") = "SecondApp", "SecondApp\SecondApp.csproj", "{419F355B-C9CB-4CD3-8949-62C18F9958CE}"
EndProject
Project("{FAE04EC0-301F-11D3-BF4B-00C04F79EFBC}") = "SharedTests", "SharedTests\SharedTests.csproj", "{97AF07A1-2C37-4845-9F1A-6EDFF3001B8F}"
EndProject
Project("{FAE04EC0-301F-11D3-BF4B-00C04F79EFBC}") = "SecondAppTests", "SecondAppTests\SecondAppTests.csproj", "{D77731DA-D390-46DC-AFAB-F3EB35FABD44}"
EndProject
Project("{FAE04EC0-301F-11D3-BF4B-00C04F79EFBC}") = "Shared", "Shared\Shared.csproj", "{8F92DE4F-597B-4C88-82BC-BEA1B3D06337}"
EndProject
Global
	GlobalSection(SolutionConfigurationPlatforms) = preSolution
		Debug|Any CPU = Debug|Any CPU
		Release|Any CPU = Release|Any CPU
	EndGlobalSection
	GlobalSection(ProjectConfigurationPlatforms) = postSolution
		{43BBCE6A-2375-407D-A33C-64D7357B829F}.Debug|Any CPU.ActiveCfg = Debug|Any CPU
		{43BBCE6A-2375-407D-A33C-64D7357B829F}.Debug|Any CPU.Build.0 = Debug|Any CPU
		{43BBCE6A-2375-407D-A33C-64D7357B829F}.Release|Any CPU.ActiveCfg = Release|Any CPU
		{43BBCE6A-2375-407D-A33C-64D7357B829F}.Release|Any CPU.Build.0 = Release|Any CPU
		{FA604132-4325-417A-B4B9-B6EBE832CEA6}.Debug|Any CPU.ActiveCfg = Debug|Any CPU
		{FA604132-4325-417A-B4B9-B6EBE832CEA6}.Debug|Any CPU.Build.0 = Debug|Any CPU
		{FA604132-4325-417A-B4B9-B6EBE832CEA6}.Release|Any CPU.ActiveCfg = Release|Any CPU
		{FA604132-4325-417A-B4B9-B6EBE832CEA6}.Release|Any CPU.Build.0 = Release|Any CPU
		{419F355B-C9CB-4CD3-8949-62C18F9958CE}.Debug|Any CPU.ActiveCfg = Debug|Any CPU
		{419F355B-C9CB-4CD3-8949-62C18F9958CE}.Debug|Any CPU.Build.0 = Debug|Any CPU
		{419F355B-C9CB-4CD3-8949-62C18F9958CE}.Release|Any CPU.ActiveCfg = Release|Any CPU
		{419F355B-C9CB-4CD3-8949-62C18F9958CE}.Release|Any CPU.Build.0 = Release|Any CPU
		{97AF07A1-2C37-4845-9F1A-6EDFF3001B8F}.Debug|Any CPU.ActiveCfg = Debug|Any CPU
		{97AF07A1-2C37-4845-9F1A-6EDFF3001B8F}.Debug|Any CPU.Build.0 = Debug|Any CPU
		{97AF07A1-2C37-4845-9F1A-6EDFF3001B8F}.Release|Any CPU.ActiveCfg = Release|Any CPU
		{97AF07A1-2C37-4845-9F1A-6EDFF3001B8F}.Release|Any CPU.Build.0 = Release|Any CPU
		{D77731DA-D390-46DC-AFAB-F3EB35FABD44}.Debug|Any CPU.ActiveCfg = Debug|Any CPU
		{D77731DA-D390-46DC-AFAB-F3EB35FABD44}.Debug|Any CPU.Build.0 = Debug|Any CPU
		{D77731DA-D390-46DC-AFAB-F3EB35FABD44}.Release|Any CPU.ActiveCfg = Release|Any CPU
		{D77731DA-D390-46DC-AFAB-F3EB35FABD44}.Release|Any CPU.Build.0 = Release|Any CPU
		{8F92DE4F-597B-4C88-82BC-BEA1B3D06337}.Debug|Any CPU.ActiveCfg = Debug|Any CPU
		{8F92DE4F-597B-4C88-82BC-BEA1B3D06337}.Debug|Any CPU.Build.0 = Debug|Any CPU
		{8F92DE4F-597B-4C88-82BC-BEA1B3D06337}.Release|Any CPU.ActiveCfg = Release|Any CPU
		{8F92DE4F-597B-4C88-82BC-BEA1B3D06337}.Release|Any CPU.Build.0 = Release|Any CPU
	EndGlobalSection
	GlobalSection(SolutionProperties) = preSolution
		HideSolutionNode = FALSE
	EndGlobalSection
EndGlobal
